
Microsoft Visual Studio Solution File, Format Version 12.00
# Visual Studio Version 17
VisualStudioVersion = 17.13.35913.81
MinimumVisualStudioVersion = 10.0.40219.1
Project("{2150E333-8FDC-42A3-9474-1A3956D46DE8}") = "Task0", "Task0", "{02EA681E-C7D8-13C7-8484-4AC65E1B71E8}"
EndProject
Project("{FAE04EC0-301F-11D3-BF4B-00C04F79EFBC}") = "Tyuiu.VdovinA.Sprint3.Task0.V19", "Tyuiu.VdovinA.Sprint3.Task0.V19\Tyuiu.VdovinA.Sprint3.Task0.V19.csproj", "{55B6E634-7DF0-4812-96AC-5F66B30254E5}"
EndProject
Project("{FAE04EC0-301F-11D3-BF4B-00C04F79EFBC}") = "Tyuiu.VdovinA.Sprint3.Task0.V19.Lib", "Tyuiu.VdovinA.Sprint3.Task0.V19.Lib\Tyuiu.VdovinA.Sprint3.Task0.V19.Lib.csproj", "{F6CE344D-C0A0-4516-BB1C-9ACC87C7DCEB}"
EndProject
Project("{FAE04EC0-301F-11D3-BF4B-00C04F79EFBC}") = "Tyuiu.VdovinA.Sprint3.Task0.V19.Test", "Tyuiu.VdovinA.Sprint3.Task0.V19.Test\Tyuiu.VdovinA.Sprint3.Task0.V19.Test.csproj", "{D2C16447-4B7C-475D-AC2F-D50418CB09E9}"
EndProject
Project("{2150E333-8FDC-42A3-9474-1A3956D46DE8}") = "Task1", "Task1", "{0273246A-0180-420F-9D5C-D0AAE03B6D19}"
EndProject
Project("{FAE04EC0-301F-11D3-BF4B-00C04F79EFBC}") = "Tyuiu.VdovinA.Sprint3.Task1.V11", "Tyuiu.VdovinA.Sprint3.Task1.V11\Tyuiu.VdovinA.Sprint3.Task1.V11.csproj", "{7CCD6E3C-E100-47BC-A7F1-A7E9239C8D4B}"
EndProject
Project("{FAE04EC0-301F-11D3-BF4B-00C04F79EFBC}") = "Tyuiu.VdovinA.Sprint3.Task1.V11.Lib", "Tyuiu.VdovinA.Sprint3.Task1.V11.Lib\Tyuiu.VdovinA.Sprint3.Task1.V11.Lib.csproj", "{7852A31A-C6AE-4A3C-A531-76E01E7BE494}"
EndProject
Project("{FAE04EC0-301F-11D3-BF4B-00C04F79EFBC}") = "Tyuiu.VdovinA.Sprint3.Task1.V11.Test", "Tyuiu.VdovinA.Sprint3.Task1.V11.Test\Tyuiu.VdovinA.Sprint3.Task1.V11.Test.csproj", "{C292DF8F-A599-4854-ABD1-2B40CAA4F3B9}"
EndProject
Project("{2150E333-8FDC-42A3-9474-1A3956D46DE8}") = "Task2", "Task2", "{7E826AF7-0D5C-4125-8247-7B4E2A3EDF1F}"
EndProject
Project("{FAE04EC0-301F-11D3-BF4B-00C04F79EFBC}") = "Tyuiu.VdovinA.Sprint3.Task2.V17.Lib", "Tyuiu.VdovinA.Sprint3.Task2.V17.Lib\Tyuiu.VdovinA.Sprint3.Task2.V17.Lib.csproj", "{DDAFD006-22A1-40B6-99F4-85191D96380F}"
EndProject
Project("{FAE04EC0-301F-11D3-BF4B-00C04F79EFBC}") = "Tyuiu.VdovinA.Sprint3.Task2.V17.Test", "Tyuiu.VdovinA.Sprint3.Task2.V17.Test\Tyuiu.VdovinA.Sprint3.Task2.V17.Test.csproj", "{43A89255-DCF5-48DB-A65D-16C9174B944A}"
EndProject
Project("{FAE04EC0-301F-11D3-BF4B-00C04F79EFBC}") = "Tyuiu.VdovinA.Sprint3.Task2.V17", "Tyuiu.VdovinA.Sprint3.Task2.V17\Tyuiu.VdovinA.Sprint3.Task2.V17.csproj", "{3F3D029B-F509-403C-A29E-B62029F4AB8E}"
EndProject
Global
	GlobalSection(SolutionConfigurationPlatforms) = preSolution
		Debug|Any CPU = Debug|Any CPU
		Release|Any CPU = Release|Any CPU
	EndGlobalSection
	GlobalSection(ProjectConfigurationPlatforms) = postSolution
		{55B6E634-7DF0-4812-96AC-5F66B30254E5}.Debug|Any CPU.ActiveCfg = Debug|Any CPU
		{55B6E634-7DF0-4812-96AC-5F66B30254E5}.Debug|Any CPU.Build.0 = Debug|Any CPU
		{55B6E634-7DF0-4812-96AC-5F66B30254E5}.Release|Any CPU.ActiveCfg = Release|Any CPU
		{55B6E634-7DF0-4812-96AC-5F66B30254E5}.Release|Any CPU.Build.0 = Release|Any CPU
		{F6CE344D-C0A0-4516-BB1C-9ACC87C7DCEB}.Debug|Any CPU.ActiveCfg = Debug|Any CPU
		{F6CE344D-C0A0-4516-BB1C-9ACC87C7DCEB}.Debug|Any CPU.Build.0 = Debug|Any CPU
		{F6CE344D-C0A0-4516-BB1C-9ACC87C7DCEB}.Release|Any CPU.ActiveCfg = Release|Any CPU
		{F6CE344D-C0A0-4516-BB1C-9ACC87C7DCEB}.Release|Any CPU.Build.0 = Release|Any CPU
		{D2C16447-4B7C-475D-AC2F-D50418CB09E9}.Debug|Any CPU.ActiveCfg = Debug|Any CPU
		{D2C16447-4B7C-475D-AC2F-D50418CB09E9}.Debug|Any CPU.Build.0 = Debug|Any CPU
		{D2C16447-4B7C-475D-AC2F-D50418CB09E9}.Release|Any CPU.ActiveCfg = Release|Any CPU
		{D2C16447-4B7C-475D-AC2F-D50418CB09E9}.Release|Any CPU.Build.0 = Release|Any CPU
		{7CCD6E3C-E100-47BC-A7F1-A7E9239C8D4B}.Debug|Any CPU.ActiveCfg = Debug|Any CPU
		{7CCD6E3C-E100-47BC-A7F1-A7E9239C8D4B}.Debug|Any CPU.Build.0 = Debug|Any CPU
		{7CCD6E3C-E100-47BC-A7F1-A7E9239C8D4B}.Release|Any CPU.ActiveCfg = Release|Any CPU
		{7CCD6E3C-E100-47BC-A7F1-A7E9239C8D4B}.Release|Any CPU.Build.0 = Release|Any CPU
		{7852A31A-C6AE-4A3C-A531-76E01E7BE494}.Debug|Any CPU.ActiveCfg = Debug|Any CPU
		{7852A31A-C6AE-4A3C-A531-76E01E7BE494}.Debug|Any CPU.Build.0 = Debug|Any CPU
		{7852A31A-C6AE-4A3C-A531-76E01E7BE494}.Release|Any CPU.ActiveCfg = Release|Any CPU
		{7852A31A-C6AE-4A3C-A531-76E01E7BE494}.Release|Any CPU.Build.0 = Release|Any CPU
		{C292DF8F-A599-4854-ABD1-2B40CAA4F3B9}.Debug|Any CPU.ActiveCfg = Debug|Any CPU
		{C292DF8F-A599-4854-ABD1-2B40CAA4F3B9}.Debug|Any CPU.Build.0 = Debug|Any CPU
		{C292DF8F-A599-4854-ABD1-2B40CAA4F3B9}.Release|Any CPU.ActiveCfg = Release|Any CPU
		{C292DF8F-A599-4854-ABD1-2B40CAA4F3B9}.Release|Any CPU.Build.0 = Release|Any CPU
		{DDAFD006-22A1-40B6-99F4-85191D96380F}.Debug|Any CPU.ActiveCfg = Debug|Any CPU
		{DDAFD006-22A1-40B6-99F4-85191D96380F}.Debug|Any CPU.Build.0 = Debug|Any CPU
		{DDAFD006-22A1-40B6-99F4-85191D96380F}.Release|Any CPU.ActiveCfg = Release|Any CPU
		{DDAFD006-22A1-40B6-99F4-85191D96380F}.Release|Any CPU.Build.0 = Release|Any CPU
		{43A89255-DCF5-48DB-A65D-16C9174B944A}.Debug|Any CPU.ActiveCfg = Debug|Any CPU
		{43A89255-DCF5-48DB-A65D-16C9174B944A}.Debug|Any CPU.Build.0 = Debug|Any CPU
		{43A89255-DCF5-48DB-A65D-16C9174B944A}.Release|Any CPU.ActiveCfg = Release|Any CPU
		{43A89255-DCF5-48DB-A65D-16C9174B944A}.Release|Any CPU.Build.0 = Release|Any CPU
		{3F3D029B-F509-403C-A29E-B62029F4AB8E}.Debug|Any CPU.ActiveCfg = Debug|Any CPU
		{3F3D029B-F509-403C-A29E-B62029F4AB8E}.Debug|Any CPU.Build.0 = Debug|Any CPU
		{3F3D029B-F509-403C-A29E-B62029F4AB8E}.Release|Any CPU.ActiveCfg = Release|Any CPU
		{3F3D029B-F509-403C-A29E-B62029F4AB8E}.Release|Any CPU.Build.0 = Release|Any CPU
	EndGlobalSection
	GlobalSection(SolutionProperties) = preSolution
		HideSolutionNode = FALSE
	EndGlobalSection
	GlobalSection(NestedProjects) = preSolution
		{55B6E634-7DF0-4812-96AC-5F66B30254E5} = {02EA681E-C7D8-13C7-8484-4AC65E1B71E8}
		{F6CE344D-C0A0-4516-BB1C-9ACC87C7DCEB} = {02EA681E-C7D8-13C7-8484-4AC65E1B71E8}
		{D2C16447-4B7C-475D-AC2F-D50418CB09E9} = {02EA681E-C7D8-13C7-8484-4AC65E1B71E8}
		{7CCD6E3C-E100-47BC-A7F1-A7E9239C8D4B} = {0273246A-0180-420F-9D5C-D0AAE03B6D19}
		{7852A31A-C6AE-4A3C-A531-76E01E7BE494} = {0273246A-0180-420F-9D5C-D0AAE03B6D19}
		{C292DF8F-A599-4854-ABD1-2B40CAA4F3B9} = {0273246A-0180-420F-9D5C-D0AAE03B6D19}
		{DDAFD006-22A1-40B6-99F4-85191D96380F} = {7E826AF7-0D5C-4125-8247-7B4E2A3EDF1F}
		{43A89255-DCF5-48DB-A65D-16C9174B944A} = {7E826AF7-0D5C-4125-8247-7B4E2A3EDF1F}
		{3F3D029B-F509-403C-A29E-B62029F4AB8E} = {7E826AF7-0D5C-4125-8247-7B4E2A3EDF1F}
	EndGlobalSection
	GlobalSection(ExtensibilityGlobals) = postSolution
		SolutionGuid = {86CA052E-BB8A-455B-AC99-5621720829BC}
	EndGlobalSection
EndGlobal
